
Microsoft Visual Studio Solution File, Format Version 12.00
# Visual Studio Version 17
VisualStudioVersion = 17.0.32014.148
MinimumVisualStudioVersion = 10.0.40219.1
Project("{FAE04EC0-301F-11D3-BF4B-00C04F79EFBC}") = "WpfApp3", "WpfApp3\WpfApp3.csproj", "{1C6B4FC8-81E9-4741-BFA7-9D21338929EE}"
EndProject
Global
	GlobalSection(SolutionConfigurationPlatforms) = preSolution
		Debug|Any CPU = Debug|Any CPU
		Release|Any CPU = Release|Any CPU
	EndGlobalSection
	GlobalSection(ProjectConfigurationPlatforms) = postSolution
		{1C6B4FC8-81E9-4741-BFA7-9D21338929EE}.Debug|Any CPU.ActiveCfg = Debug|Any CPU
		{1C6B4FC8-81E9-4741-BFA7-9D21338929EE}.Debug|Any CPU.Build.0 = Debug|Any CPU
		{1C6B4FC8-81E9-4741-BFA7-9D21338929EE}.Release|Any CPU.ActiveCfg = Release|Any CPU
		{1C6B4FC8-81E9-4741-BFA7-9D21338929EE}.Release|Any CPU.Build.0 = Release|Any CPU
	EndGlobalSection
	GlobalSection(SolutionProperties) = preSolution
		HideSolutionNode = FALSE
	EndGlobalSection
	GlobalSection(ExtensibilityGlobals) = postSolution
		SolutionGuid = {D0F67CB9-AFFB-404E-8B01-15A7572DB69B}
	EndGlobalSection
EndGlobal
